
Microsoft Visual Studio Solution File, Format Version 12.00
# Visual Studio Version 17
VisualStudioVersion = 17.3.32901.215
MinimumVisualStudioVersion = 10.0.40219.1
Project("{9A19103F-16F7-4668-BE54-9A1E7A4F7556}") = "WinFormTestXmlEditor", "WinFormTestXmlEditor\WinFormTestXmlEditor.csproj", "{39BEAFED-7888-4903-A3DA-DE8806349572}"
EndProject
Project("{9A19103F-16F7-4668-BE54-9A1E7A4F7556}") = "ICSharpCode.TextEditorEx", "ICSharpCode.TextEditor\Project\ICSharpCode.TextEditorEx.csproj", "{2D18BE89-D210-49EB-A9DD-2246FBB3DF6D}"
EndProject
Project("{2150E333-8FDC-42A3-9474-1A3956D46DE8}") = "Solution Items", "Solution Items", "{A4AB7D80-8A69-4F24-B401-C122F2D6393A}"
	ProjectSection(SolutionItems) = preProject
		CHANGELOG.md = CHANGELOG.md
		LICENSE = LICENSE
		Generate-ReleaseNotes.bat = Generate-ReleaseNotes.bat
		README.md = README.md
	EndProjectSection
EndProject
Global
	GlobalSection(SolutionConfigurationPlatforms) = preSolution
		Debug|Any CPU = Debug|Any CPU
		Debug|Mixed Platforms = Debug|Mixed Platforms
		Debug|x86 = Debug|x86
		Release|Any CPU = Release|Any CPU
		Release|Mixed Platforms = Release|Mixed Platforms
		Release|x86 = Release|x86
	EndGlobalSection
	GlobalSection(ProjectConfigurationPlatforms) = postSolution
		{39BEAFED-7888-4903-A3DA-DE8806349572}.Debug|Any CPU.ActiveCfg = Debug|Any CPU
		{39BEAFED-7888-4903-A3DA-DE8806349572}.Debug|Any CPU.Build.0 = Debug|Any CPU
		{39BEAFED-7888-4903-A3DA-DE8806349572}.Debug|Mixed Platforms.ActiveCfg = Debug|Any CPU
		{39BEAFED-7888-4903-A3DA-DE8806349572}.Debug|Mixed Platforms.Build.0 = Debug|Any CPU
		{39BEAFED-7888-4903-A3DA-DE8806349572}.Debug|x86.ActiveCfg = Debug|x86
		{39BEAFED-7888-4903-A3DA-DE8806349572}.Debug|x86.Build.0 = Debug|x86
		{39BEAFED-7888-4903-A3DA-DE8806349572}.Release|Any CPU.ActiveCfg = Release|x86
		{39BEAFED-7888-4903-A3DA-DE8806349572}.Release|Mixed Platforms.ActiveCfg = Release|Any CPU
		{39BEAFED-7888-4903-A3DA-DE8806349572}.Release|Mixed Platforms.Build.0 = Release|Any CPU
		{39BEAFED-7888-4903-A3DA-DE8806349572}.Release|x86.ActiveCfg = Release|x86
		{39BEAFED-7888-4903-A3DA-DE8806349572}.Release|x86.Build.0 = Release|x86
		{2D18BE89-D210-49EB-A9DD-2246FBB3DF6D}.Debug|Any CPU.ActiveCfg = Debug|Any CPU
		{2D18BE89-D210-49EB-A9DD-2246FBB3DF6D}.Debug|Any CPU.Build.0 = Debug|Any CPU
		{2D18BE89-D210-49EB-A9DD-2246FBB3DF6D}.Debug|Mixed Platforms.ActiveCfg = Debug|Any CPU
		{2D18BE89-D210-49EB-A9DD-2246FBB3DF6D}.Debug|Mixed Platforms.Build.0 = Debug|Any CPU
		{2D18BE89-D210-49EB-A9DD-2246FBB3DF6D}.Debug|x86.ActiveCfg = Debug|Any CPU
		{2D18BE89-D210-49EB-A9DD-2246FBB3DF6D}.Release|Any CPU.ActiveCfg = Release|Any CPU
		{2D18BE89-D210-49EB-A9DD-2246FBB3DF6D}.Release|Any CPU.Build.0 = Release|Any CPU
		{2D18BE89-D210-49EB-A9DD-2246FBB3DF6D}.Release|Mixed Platforms.ActiveCfg = Release|Any CPU
		{2D18BE89-D210-49EB-A9DD-2246FBB3DF6D}.Release|Mixed Platforms.Build.0 = Release|Any CPU
		{2D18BE89-D210-49EB-A9DD-2246FBB3DF6D}.Release|x86.ActiveCfg = Release|Any CPU
	EndGlobalSection
	GlobalSection(SolutionProperties) = preSolution
		HideSolutionNode = FALSE
	EndGlobalSection
	GlobalSection(ExtensibilityGlobals) = postSolution
		SolutionGuid = {D1F643FC-49CE-4D72-ABA2-E1C0ABB96226}
	EndGlobalSection
EndGlobal
